
Microsoft Visual Studio Solution File, Format Version 12.00
# Visual Studio Version 16
VisualStudioVersion = 16.0.31624.102
MinimumVisualStudioVersion = 10.0.40219.1
Project("{9A19103F-16F7-4668-BE54-9A1E7A4F7556}") = "program", "program\program.csproj", "{5A4918CD-BCA3-4E32-B200-853C601D30F7}"
EndProject
Project("{9A19103F-16F7-4668-BE54-9A1E7A4F7556}") = "WebASP.net", "WebASP.net\WebASP.net.csproj", "{D850478E-72F1-4E2D-BE91-E8DC418685CD}"
EndProject
Project("{9A19103F-16F7-4668-BE54-9A1E7A4F7556}") = "Web.Api", "Web.Api\Web.Api.csproj", "{A8B14380-FC0A-471F-A3F7-0CD35CE2CE56}"
EndProject
Project("{9A19103F-16F7-4668-BE54-9A1E7A4F7556}") = "BusinessService", "BusinessService\BusinessService.csproj", "{40E59EE2-DFEA-4750-BAFC-52324CCFF330}"
EndProject
Project("{9A19103F-16F7-4668-BE54-9A1E7A4F7556}") = "Angular", "Angular\Angular.csproj", "{42BBEC20-12E4-45C0-826D-43F7666EB98A}"
EndProject
Project("{9A19103F-16F7-4668-BE54-9A1E7A4F7556}") = "Common", "Common\Common.csproj", "{E0B95107-4829-4369-86A2-1E50AA397502}"
EndProject
Project("{9A19103F-16F7-4668-BE54-9A1E7A4F7556}") = "Web.Mvc.Crud", "Web.Mvc.Crud\Web.Mvc.Crud.csproj", "{DAD5EA30-8CB2-42CB-8161-FBD7BBC17059}"
EndProject
Project("{9A19103F-16F7-4668-BE54-9A1E7A4F7556}") = "Notification", "Notification\Notification.csproj", "{ED8920FF-EA2B-4B80-8024-FD7447365C26}"
EndProject
Project("{9A19103F-16F7-4668-BE54-9A1E7A4F7556}") = "ApiClient", "ApiClient\ApiClient.csproj", "{A72917A7-E14D-410E-AC37-1D913CD18C64}"
EndProject
Project("{9A19103F-16F7-4668-BE54-9A1E7A4F7556}") = "Twinkle.Mvc", "Twinkle-Excercise\Twinkle-Excercise\Twinkle\Twinkle.Mvc.csproj", "{4CD47DD7-B42A-405F-8C77-E8E02F6EA226}"
EndProject
Project("{00D1A9C2-B5F0-4AF3-8072-F6C62B433612}") = "TwinkleExercise", "Twinkle-Excercise\Twinkle-Excercise\TwinkleExercise\TwinkleExercise.sqlproj", "{59F2F938-6244-44E7-90D2-6DA633FBBAE8}"
EndProject
Project("{9A19103F-16F7-4668-BE54-9A1E7A4F7556}") = "Store.Base", "Twinkle-Excercise\Twinkle-Excercise\TwinkleShared\Base\Store.Base.csproj", "{B4ED4FCA-329B-4CE2-A62C-DE5A149B6AFE}"
EndProject
Project("{9A19103F-16F7-4668-BE54-9A1E7A4F7556}") = "Store.Logging", "Twinkle-Excercise\Twinkle-Excercise\TwinkleShared\Logging\Store.Logging.csproj", "{D087E72B-E952-430F-BCC5-6908B67BF239}"
EndProject
Global
	GlobalSection(SolutionConfigurationPlatforms) = preSolution
		Debug|Any CPU = Debug|Any CPU
		Release|Any CPU = Release|Any CPU
	EndGlobalSection
	GlobalSection(ProjectConfigurationPlatforms) = postSolution
		{5A4918CD-BCA3-4E32-B200-853C601D30F7}.Debug|Any CPU.ActiveCfg = Debug|Any CPU
		{5A4918CD-BCA3-4E32-B200-853C601D30F7}.Debug|Any CPU.Build.0 = Debug|Any CPU
		{5A4918CD-BCA3-4E32-B200-853C601D30F7}.Release|Any CPU.ActiveCfg = Release|Any CPU
		{5A4918CD-BCA3-4E32-B200-853C601D30F7}.Release|Any CPU.Build.0 = Release|Any CPU
		{D850478E-72F1-4E2D-BE91-E8DC418685CD}.Debug|Any CPU.ActiveCfg = Debug|Any CPU
		{D850478E-72F1-4E2D-BE91-E8DC418685CD}.Debug|Any CPU.Build.0 = Debug|Any CPU
		{D850478E-72F1-4E2D-BE91-E8DC418685CD}.Release|Any CPU.ActiveCfg = Release|Any CPU
		{D850478E-72F1-4E2D-BE91-E8DC418685CD}.Release|Any CPU.Build.0 = Release|Any CPU
		{A8B14380-FC0A-471F-A3F7-0CD35CE2CE56}.Debug|Any CPU.ActiveCfg = Debug|Any CPU
		{A8B14380-FC0A-471F-A3F7-0CD35CE2CE56}.Debug|Any CPU.Build.0 = Debug|Any CPU
		{A8B14380-FC0A-471F-A3F7-0CD35CE2CE56}.Release|Any CPU.ActiveCfg = Release|Any CPU
		{A8B14380-FC0A-471F-A3F7-0CD35CE2CE56}.Release|Any CPU.Build.0 = Release|Any CPU
		{40E59EE2-DFEA-4750-BAFC-52324CCFF330}.Debug|Any CPU.ActiveCfg = Debug|Any CPU
		{40E59EE2-DFEA-4750-BAFC-52324CCFF330}.Debug|Any CPU.Build.0 = Debug|Any CPU
		{40E59EE2-DFEA-4750-BAFC-52324CCFF330}.Release|Any CPU.ActiveCfg = Release|Any CPU
		{40E59EE2-DFEA-4750-BAFC-52324CCFF330}.Release|Any CPU.Build.0 = Release|Any CPU
		{42BBEC20-12E4-45C0-826D-43F7666EB98A}.Debug|Any CPU.ActiveCfg = Debug|Any CPU
		{42BBEC20-12E4-45C0-826D-43F7666EB98A}.Debug|Any CPU.Build.0 = Debug|Any CPU
		{42BBEC20-12E4-45C0-826D-43F7666EB98A}.Release|Any CPU.ActiveCfg = Release|Any CPU
		{42BBEC20-12E4-45C0-826D-43F7666EB98A}.Release|Any CPU.Build.0 = Release|Any CPU
		{E0B95107-4829-4369-86A2-1E50AA397502}.Debug|Any CPU.ActiveCfg = Debug|Any CPU
		{E0B95107-4829-4369-86A2-1E50AA397502}.Debug|Any CPU.Build.0 = Debug|Any CPU
		{E0B95107-4829-4369-86A2-1E50AA397502}.Release|Any CPU.ActiveCfg = Release|Any CPU
		{E0B95107-4829-4369-86A2-1E50AA397502}.Release|Any CPU.Build.0 = Release|Any CPU
		{DAD5EA30-8CB2-42CB-8161-FBD7BBC17059}.Debug|Any CPU.ActiveCfg = Debug|Any CPU
		{DAD5EA30-8CB2-42CB-8161-FBD7BBC17059}.Debug|Any CPU.Build.0 = Debug|Any CPU
		{DAD5EA30-8CB2-42CB-8161-FBD7BBC17059}.Release|Any CPU.ActiveCfg = Release|Any CPU
		{DAD5EA30-8CB2-42CB-8161-FBD7BBC17059}.Release|Any CPU.Build.0 = Release|Any CPU
		{ED8920FF-EA2B-4B80-8024-FD7447365C26}.Debug|Any CPU.ActiveCfg = Debug|Any CPU
		{ED8920FF-EA2B-4B80-8024-FD7447365C26}.Debug|Any CPU.Build.0 = Debug|Any CPU
		{ED8920FF-EA2B-4B80-8024-FD7447365C26}.Release|Any CPU.ActiveCfg = Release|Any CPU
		{ED8920FF-EA2B-4B80-8024-FD7447365C26}.Release|Any CPU.Build.0 = Release|Any CPU
		{A72917A7-E14D-410E-AC37-1D913CD18C64}.Debug|Any CPU.ActiveCfg = Debug|Any CPU
		{A72917A7-E14D-410E-AC37-1D913CD18C64}.Debug|Any CPU.Build.0 = Debug|Any CPU
		{A72917A7-E14D-410E-AC37-1D913CD18C64}.Release|Any CPU.ActiveCfg = Release|Any CPU
		{A72917A7-E14D-410E-AC37-1D913CD18C64}.Release|Any CPU.Build.0 = Release|Any CPU
		{4CD47DD7-B42A-405F-8C77-E8E02F6EA226}.Debug|Any CPU.ActiveCfg = Debug|Any CPU
		{4CD47DD7-B42A-405F-8C77-E8E02F6EA226}.Debug|Any CPU.Build.0 = Debug|Any CPU
		{4CD47DD7-B42A-405F-8C77-E8E02F6EA226}.Release|Any CPU.ActiveCfg = Release|Any CPU
		{4CD47DD7-B42A-405F-8C77-E8E02F6EA226}.Release|Any CPU.Build.0 = Release|Any CPU
		{59F2F938-6244-44E7-90D2-6DA633FBBAE8}.Debug|Any CPU.ActiveCfg = Debug|Any CPU
		{59F2F938-6244-44E7-90D2-6DA633FBBAE8}.Debug|Any CPU.Build.0 = Debug|Any CPU
		{59F2F938-6244-44E7-90D2-6DA633FBBAE8}.Debug|Any CPU.Deploy.0 = Debug|Any CPU
		{59F2F938-6244-44E7-90D2-6DA633FBBAE8}.Release|Any CPU.ActiveCfg = Release|Any CPU
		{59F2F938-6244-44E7-90D2-6DA633FBBAE8}.Release|Any CPU.Build.0 = Release|Any CPU
		{59F2F938-6244-44E7-90D2-6DA633FBBAE8}.Release|Any CPU.Deploy.0 = Release|Any CPU
		{B4ED4FCA-329B-4CE2-A62C-DE5A149B6AFE}.Debug|Any CPU.ActiveCfg = Debug|Any CPU
		{B4ED4FCA-329B-4CE2-A62C-DE5A149B6AFE}.Debug|Any CPU.Build.0 = Debug|Any CPU
		{B4ED4FCA-329B-4CE2-A62C-DE5A149B6AFE}.Release|Any CPU.ActiveCfg = Release|Any CPU
		{B4ED4FCA-329B-4CE2-A62C-DE5A149B6AFE}.Release|Any CPU.Build.0 = Release|Any CPU
		{D087E72B-E952-430F-BCC5-6908B67BF239}.Debug|Any CPU.ActiveCfg = Debug|Any CPU
		{D087E72B-E952-430F-BCC5-6908B67BF239}.Debug|Any CPU.Build.0 = Debug|Any CPU
		{D087E72B-E952-430F-BCC5-6908B67BF239}.Release|Any CPU.ActiveCfg = Release|Any CPU
		{D087E72B-E952-430F-BCC5-6908B67BF239}.Release|Any CPU.Build.0 = Release|Any CPU
	EndGlobalSection
	GlobalSection(SolutionProperties) = preSolution
		HideSolutionNode = FALSE
	EndGlobalSection
	GlobalSection(ExtensibilityGlobals) = postSolution
		SolutionGuid = {7517B4F5-C6BC-4FF1-AB0D-DC5CCEEBDFAA}
	EndGlobalSection
EndGlobal
